{
  "name": "PudgeSMomom",
  "lockfileVersion": 2,
  "requires": true,
  "packages": {
    "": {
      "dependencies": {
        "@types/signalr": "^2.4.3"
      }
    },
    "node_modules/@types/jquery": {
      "version": "3.5.29",
      "resolved": "https://registry.npmjs.org/@types/jquery/-/jquery-3.5.29.tgz",
      "integrity": "sha512-oXQQC9X9MOPRrMhPHHOsXqeQDnWeCDT3PelUIg/Oy8FAbzSZtFHRjc7IpbfFVmpLtJ+UOoywpRsuO5Jxjybyeg==",
      "dependencies": {
        "@types/sizzle": "*"
      }
    },
    "node_modules/@types/signalr": {
      "version": "2.4.3",
      "resolved": "https://registry.npmjs.org/@types/signalr/-/signalr-2.4.3.tgz",
      "integrity": "sha512-W6C1wMRIIhJV9nsw19yhw4h9zlkLnJzsu9dYlH35aHUQblPsDF6UpCcAVu4Ljy4RS3c3uJyV88wf2M2SOWqqZg==",
      "dependencies": {
        "@types/jquery": "*"
      }
    },
    "node_modules/@types/sizzle": {
      "version": "2.3.8",
      "resolved": "https://registry.npmjs.org/@types/sizzle/-/sizzle-2.3.8.tgz",
      "integrity": "sha512-0vWLNK2D5MT9dg0iOo8GlKguPAU02QjmZitPEsXRuJXU/OGIOt9vT9Fc26wtYuavLxtO45v9PGleoL9Z0k1LHg=="
    }
  },
  "dependencies": {
    "@types/jquery": {
      "version": "3.5.29",
      "resolved": "https://registry.npmjs.org/@types/jquery/-/jquery-3.5.29.tgz",
      "integrity": "sha512-oXQQC9X9MOPRrMhPHHOsXqeQDnWeCDT3PelUIg/Oy8FAbzSZtFHRjc7IpbfFVmpLtJ+UOoywpRsuO5Jxjybyeg==",
      "requires": {
        "@types/sizzle": "*"
      }
    },
    "@types/signalr": {
      "version": "2.4.3",
      "resolved": "https://registry.npmjs.org/@types/signalr/-/signalr-2.4.3.tgz",
      "integrity": "sha512-W6C1wMRIIhJV9nsw19yhw4h9zlkLnJzsu9dYlH35aHUQblPsDF6UpCcAVu4Ljy4RS3c3uJyV88wf2M2SOWqqZg==",
      "requires": {
        "@types/jquery": "*"
      }
    },
    "@types/sizzle": {
      "version": "2.3.8",
      "resolved": "https://registry.npmjs.org/@types/sizzle/-/sizzle-2.3.8.tgz",
      "integrity": "sha512-0vWLNK2D5MT9dg0iOo8GlKguPAU02QjmZitPEsXRuJXU/OGIOt9vT9Fc26wtYuavLxtO45v9PGleoL9Z0k1LHg=="
    }
  }
}
